
Microsoft Visual Studio Solution File, Format Version 12.00
# Visual Studio Version 16
VisualStudioVersion = 16.0.31112.23
MinimumVisualStudioVersion = 10.0.40219.1
Project("{FAE04EC0-301F-11D3-BF4B-00C04F79EFBC}") = "TechnikiInternetowe.Server", "Server\TechnikiInternetowe.Server.csproj", "{8BBEFDE7-47DC-4269-8868-D9B65A2B1015}"
EndProject
Project("{FAE04EC0-301F-11D3-BF4B-00C04F79EFBC}") = "TechnikiInternetowe.Client", "Client\TechnikiInternetowe.Client.csproj", "{C5B07F20-88D7-41AB-B626-210E7E367A52}"
EndProject
Project("{FAE04EC0-301F-11D3-BF4B-00C04F79EFBC}") = "TechnikiInternetowe.Shared", "Shared\TechnikiInternetowe.Shared.csproj", "{42EC452E-0E27-4C93-BCE4-78C2C8CC6C7D}"
EndProject
Global
	GlobalSection(SolutionConfigurationPlatforms) = preSolution
		Debug|Any CPU = Debug|Any CPU
		Release|Any CPU = Release|Any CPU
	EndGlobalSection
	GlobalSection(ProjectConfigurationPlatforms) = postSolution
		{8BBEFDE7-47DC-4269-8868-D9B65A2B1015}.Debug|Any CPU.ActiveCfg = Debug|Any CPU
		{8BBEFDE7-47DC-4269-8868-D9B65A2B1015}.Debug|Any CPU.Build.0 = Debug|Any CPU
		{8BBEFDE7-47DC-4269-8868-D9B65A2B1015}.Release|Any CPU.ActiveCfg = Release|Any CPU
		{8BBEFDE7-47DC-4269-8868-D9B65A2B1015}.Release|Any CPU.Build.0 = Release|Any CPU
		{C5B07F20-88D7-41AB-B626-210E7E367A52}.Debug|Any CPU.ActiveCfg = Debug|Any CPU
		{C5B07F20-88D7-41AB-B626-210E7E367A52}.Debug|Any CPU.Build.0 = Debug|Any CPU
		{C5B07F20-88D7-41AB-B626-210E7E367A52}.Release|Any CPU.ActiveCfg = Release|Any CPU
		{C5B07F20-88D7-41AB-B626-210E7E367A52}.Release|Any CPU.Build.0 = Release|Any CPU
		{42EC452E-0E27-4C93-BCE4-78C2C8CC6C7D}.Debug|Any CPU.ActiveCfg = Debug|Any CPU
		{42EC452E-0E27-4C93-BCE4-78C2C8CC6C7D}.Debug|Any CPU.Build.0 = Debug|Any CPU
		{42EC452E-0E27-4C93-BCE4-78C2C8CC6C7D}.Release|Any CPU.ActiveCfg = Release|Any CPU
		{42EC452E-0E27-4C93-BCE4-78C2C8CC6C7D}.Release|Any CPU.Build.0 = Release|Any CPU
	EndGlobalSection
	GlobalSection(SolutionProperties) = preSolution
		HideSolutionNode = FALSE
	EndGlobalSection
	GlobalSection(ExtensibilityGlobals) = postSolution
		SolutionGuid = {A0054622-8F32-496B-A91A-C9BC59A2EF3B}
	EndGlobalSection
EndGlobal
